
Microsoft Visual Studio Solution File, Format Version 12.00
# Visual Studio 2012
Project("{FAE04EC0-301F-11D3-BF4B-00C04F79EFBC}") = "Database", "Database\Database.csproj", "{ED0DC220-497C-47D4-B39D-A287D9B072EF}"
EndProject
Project("{FAE04EC0-301F-11D3-BF4B-00C04F79EFBC}") = "Test", "Test\Test.csproj", "{74EAB9C5-E50E-4C2E-94CD-682534AFB52E}"
EndProject
Global
	GlobalSection(SolutionConfigurationPlatforms) = preSolution
		Debug|Any CPU = Debug|Any CPU
		Release|Any CPU = Release|Any CPU
	EndGlobalSection
	GlobalSection(ProjectConfigurationPlatforms) = postSolution
		{ED0DC220-497C-47D4-B39D-A287D9B072EF}.Debug|Any CPU.ActiveCfg = Debug|Any CPU
		{ED0DC220-497C-47D4-B39D-A287D9B072EF}.Debug|Any CPU.Build.0 = Debug|Any CPU
		{ED0DC220-497C-47D4-B39D-A287D9B072EF}.Release|Any CPU.ActiveCfg = Release|Any CPU
		{ED0DC220-497C-47D4-B39D-A287D9B072EF}.Release|Any CPU.Build.0 = Release|Any CPU
		{74EAB9C5-E50E-4C2E-94CD-682534AFB52E}.Debug|Any CPU.ActiveCfg = Debug|Any CPU
		{74EAB9C5-E50E-4C2E-94CD-682534AFB52E}.Debug|Any CPU.Build.0 = Debug|Any CPU
		{74EAB9C5-E50E-4C2E-94CD-682534AFB52E}.Release|Any CPU.ActiveCfg = Release|Any CPU
		{74EAB9C5-E50E-4C2E-94CD-682534AFB52E}.Release|Any CPU.Build.0 = Release|Any CPU
	EndGlobalSection
	GlobalSection(SolutionProperties) = preSolution
		HideSolutionNode = FALSE
	EndGlobalSection
EndGlobal
